
Microsoft Visual Studio Solution File, Format Version 12.00
# Visual Studio Version 17
VisualStudioVersion = 17.5.33103.201
MinimumVisualStudioVersion = 10.0.40219.1
Project("{FAE04EC0-301F-11D3-BF4B-00C04F79EFBC}") = "FitnessFoodsLC.WebAPI", "FitnessFoodsLC.WebAPI\FitnessFoodsLC.WebAPI.csproj", "{3B864B6D-B573-4010-A649-2A6A6E3670C7}"
EndProject
Project("{2150E333-8FDC-42A3-9474-1A3956D46DE8}") = "Itens de Solução", "Itens de Solução", "{D00627FF-41A6-4A87-9454-57605B90DCC1}"
	ProjectSection(SolutionItems) = preProject
		..\..\challenge-20220626-master\products.json = ..\..\challenge-20220626-master\products.json
		..\..\challenge-20220626-master\README.md = ..\..\challenge-20220626-master\README.md
	EndProjectSection
EndProject
Project("{2150E333-8FDC-42A3-9474-1A3956D46DE8}") = "Docs", "Docs", "{411F55CD-329B-4083-92A1-F5541D553E85}"
	ProjectSection(SolutionItems) = preProject
		..\..\challenge-20220626-master\docs\api.yml = ..\..\challenge-20220626-master\docs\api.yml
	EndProjectSection
EndProject
Global
	GlobalSection(SolutionConfigurationPlatforms) = preSolution
		Debug|Any CPU = Debug|Any CPU
		Release|Any CPU = Release|Any CPU
	EndGlobalSection
	GlobalSection(ProjectConfigurationPlatforms) = postSolution
		{3B864B6D-B573-4010-A649-2A6A6E3670C7}.Debug|Any CPU.ActiveCfg = Debug|Any CPU
		{3B864B6D-B573-4010-A649-2A6A6E3670C7}.Debug|Any CPU.Build.0 = Debug|Any CPU
		{3B864B6D-B573-4010-A649-2A6A6E3670C7}.Release|Any CPU.ActiveCfg = Release|Any CPU
		{3B864B6D-B573-4010-A649-2A6A6E3670C7}.Release|Any CPU.Build.0 = Release|Any CPU
	EndGlobalSection
	GlobalSection(SolutionProperties) = preSolution
		HideSolutionNode = FALSE
	EndGlobalSection
	GlobalSection(NestedProjects) = preSolution
		{411F55CD-329B-4083-92A1-F5541D553E85} = {D00627FF-41A6-4A87-9454-57605B90DCC1}
	EndGlobalSection
	GlobalSection(ExtensibilityGlobals) = postSolution
		SolutionGuid = {1D74F951-E166-44A2-9FAD-6493A43BDF78}
	EndGlobalSection
EndGlobal
