
Microsoft Visual Studio Solution File, Format Version 12.00
# Visual Studio Version 17
VisualStudioVersion = 17.5.33103.201
MinimumVisualStudioVersion = 10.0.40219.1
Project("{9A19103F-16F7-4668-BE54-9A1E7A4F7556}") = "FitnessFoodsLC.WebAPI", "FitnessFoodsLC.WebAPI\FitnessFoodsLC.WebAPI.csproj", "{3B864B6D-B573-4010-A649-2A6A6E3670C7}"
EndProject
Project("{2150E333-8FDC-42A3-9474-1A3956D46DE8}") = "Itens de Solução", "Itens de Solução", "{D00627FF-41A6-4A87-9454-57605B90DCC1}"
	ProjectSection(SolutionItems) = preProject
		..\..\challenge-20220626-master\products.json = ..\..\challenge-20220626-master\products.json
		..\..\challenge-20220626-master\README.md = ..\..\challenge-20220626-master\README.md
	EndProjectSection
EndProject
Project("{2150E333-8FDC-42A3-9474-1A3956D46DE8}") = "Docs", "Docs", "{411F55CD-329B-4083-92A1-F5541D553E85}"
	ProjectSection(SolutionItems) = preProject
		..\..\challenge-20220626-master\docs\api.yml = ..\..\challenge-20220626-master\docs\api.yml
	EndProjectSection
EndProject
Project("{9A19103F-16F7-4668-BE54-9A1E7A4F7556}") = "FitnessFoodsLC.Domain", "FitnessFoodsLC.Domain\FitnessFoodsLC.Domain.csproj", "{BDA301A5-F563-4865-B964-3E89BEFD820C}"
EndProject
Project("{9A19103F-16F7-4668-BE54-9A1E7A4F7556}") = "FitnessFoodsLC.Context", "FitnessFoodsLC.Context\FitnessFoodsLC.Context.csproj", "{55956A6F-01D5-423E-B450-243A73A963E6}"
EndProject
Project("{9A19103F-16F7-4668-BE54-9A1E7A4F7556}") = "FitnessFoodsLC.Service", "FitnessFoodsLC.Service\FitnessFoodsLC.Service.csproj", "{259D0C46-7E55-466F-98DB-F683ECD0287C}"
EndProject
Project("{9A19103F-16F7-4668-BE54-9A1E7A4F7556}") = "FitnessFoodsLC.CrossCutting", "FitnessFoodsLC.CrossCutting\FitnessFoodsLC.CrossCutting.csproj", "{E1FC8EB2-6F39-4AA7-9876-D22FF370D7B0}"
EndProject
Project("{9A19103F-16F7-4668-BE54-9A1E7A4F7556}") = "FitnessFoodsLC.Models", "FitnessFoodsLC.Models\FitnessFoodsLC.Models.csproj", "{E1475E97-2AD7-4FC6-937B-7F4DD05CAF24}"
EndProject
Project("{9A19103F-16F7-4668-BE54-9A1E7A4F7556}") = "FitnessFoodsLC.Interface", "FitnessFoodsLC.Interface\FitnessFoodsLC.Interface.csproj", "{F5FBA681-D2B2-422E-9E14-7D328B4D9405}"
EndProject
Project("{9A19103F-16F7-4668-BE54-9A1E7A4F7556}") = "FitnessFoodsLC.Repository", "FitnessFoodsLC.Repository\FitnessFoodsLC.Repository.csproj", "{FA488C26-4876-409C-8E8F-52028957A1E1}"
EndProject
Global
	GlobalSection(SolutionConfigurationPlatforms) = preSolution
		Debug|Any CPU = Debug|Any CPU
		Release|Any CPU = Release|Any CPU
	EndGlobalSection
	GlobalSection(ProjectConfigurationPlatforms) = postSolution
		{3B864B6D-B573-4010-A649-2A6A6E3670C7}.Debug|Any CPU.ActiveCfg = Debug|Any CPU
		{3B864B6D-B573-4010-A649-2A6A6E3670C7}.Debug|Any CPU.Build.0 = Debug|Any CPU
		{3B864B6D-B573-4010-A649-2A6A6E3670C7}.Release|Any CPU.ActiveCfg = Release|Any CPU
		{3B864B6D-B573-4010-A649-2A6A6E3670C7}.Release|Any CPU.Build.0 = Release|Any CPU
		{BDA301A5-F563-4865-B964-3E89BEFD820C}.Debug|Any CPU.ActiveCfg = Debug|Any CPU
		{BDA301A5-F563-4865-B964-3E89BEFD820C}.Debug|Any CPU.Build.0 = Debug|Any CPU
		{BDA301A5-F563-4865-B964-3E89BEFD820C}.Release|Any CPU.ActiveCfg = Release|Any CPU
		{BDA301A5-F563-4865-B964-3E89BEFD820C}.Release|Any CPU.Build.0 = Release|Any CPU
		{55956A6F-01D5-423E-B450-243A73A963E6}.Debug|Any CPU.ActiveCfg = Debug|Any CPU
		{55956A6F-01D5-423E-B450-243A73A963E6}.Debug|Any CPU.Build.0 = Debug|Any CPU
		{55956A6F-01D5-423E-B450-243A73A963E6}.Release|Any CPU.ActiveCfg = Release|Any CPU
		{55956A6F-01D5-423E-B450-243A73A963E6}.Release|Any CPU.Build.0 = Release|Any CPU
		{259D0C46-7E55-466F-98DB-F683ECD0287C}.Debug|Any CPU.ActiveCfg = Debug|Any CPU
		{259D0C46-7E55-466F-98DB-F683ECD0287C}.Debug|Any CPU.Build.0 = Debug|Any CPU
		{259D0C46-7E55-466F-98DB-F683ECD0287C}.Release|Any CPU.ActiveCfg = Release|Any CPU
		{259D0C46-7E55-466F-98DB-F683ECD0287C}.Release|Any CPU.Build.0 = Release|Any CPU
		{E1FC8EB2-6F39-4AA7-9876-D22FF370D7B0}.Debug|Any CPU.ActiveCfg = Debug|Any CPU
		{E1FC8EB2-6F39-4AA7-9876-D22FF370D7B0}.Debug|Any CPU.Build.0 = Debug|Any CPU
		{E1FC8EB2-6F39-4AA7-9876-D22FF370D7B0}.Release|Any CPU.ActiveCfg = Release|Any CPU
		{E1FC8EB2-6F39-4AA7-9876-D22FF370D7B0}.Release|Any CPU.Build.0 = Release|Any CPU
		{E1475E97-2AD7-4FC6-937B-7F4DD05CAF24}.Debug|Any CPU.ActiveCfg = Debug|Any CPU
		{E1475E97-2AD7-4FC6-937B-7F4DD05CAF24}.Debug|Any CPU.Build.0 = Debug|Any CPU
		{E1475E97-2AD7-4FC6-937B-7F4DD05CAF24}.Release|Any CPU.ActiveCfg = Release|Any CPU
		{E1475E97-2AD7-4FC6-937B-7F4DD05CAF24}.Release|Any CPU.Build.0 = Release|Any CPU
		{F5FBA681-D2B2-422E-9E14-7D328B4D9405}.Debug|Any CPU.ActiveCfg = Debug|Any CPU
		{F5FBA681-D2B2-422E-9E14-7D328B4D9405}.Debug|Any CPU.Build.0 = Debug|Any CPU
		{F5FBA681-D2B2-422E-9E14-7D328B4D9405}.Release|Any CPU.ActiveCfg = Release|Any CPU
		{F5FBA681-D2B2-422E-9E14-7D328B4D9405}.Release|Any CPU.Build.0 = Release|Any CPU
		{FA488C26-4876-409C-8E8F-52028957A1E1}.Debug|Any CPU.ActiveCfg = Debug|Any CPU
		{FA488C26-4876-409C-8E8F-52028957A1E1}.Debug|Any CPU.Build.0 = Debug|Any CPU
		{FA488C26-4876-409C-8E8F-52028957A1E1}.Release|Any CPU.ActiveCfg = Release|Any CPU
		{FA488C26-4876-409C-8E8F-52028957A1E1}.Release|Any CPU.Build.0 = Release|Any CPU
	EndGlobalSection
	GlobalSection(SolutionProperties) = preSolution
		HideSolutionNode = FALSE
	EndGlobalSection
	GlobalSection(NestedProjects) = preSolution
		{411F55CD-329B-4083-92A1-F5541D553E85} = {D00627FF-41A6-4A87-9454-57605B90DCC1}
	EndGlobalSection
	GlobalSection(ExtensibilityGlobals) = postSolution
		SolutionGuid = {1D74F951-E166-44A2-9FAD-6493A43BDF78}
	EndGlobalSection
EndGlobal
